
Microsoft Visual Studio Solution File, Format Version 12.00
# Visual Studio Version 16
VisualStudioVersion = 16.0.30907.101
MinimumVisualStudioVersion = 10.0.40219.1
Project("{FAE04EC0-301F-11D3-BF4B-00C04F79EFBC}") = "ConsoleApp1", "ConsoleApp1\ConsoleApp1.csproj", "{E1CE915A-4DAD-4E15-93C1-585FCD25F164}"
EndProject
Project("{FAE04EC0-301F-11D3-BF4B-00C04F79EFBC}") = "UnitTestProject1", "UnitTestProject1\UnitTestProject1.csproj", "{5BF2F1C6-553E-448C-8454-B4A6321F2848}"
EndProject
Global
	GlobalSection(SolutionConfigurationPlatforms) = preSolution
		Debug|Any CPU = Debug|Any CPU
		Release|Any CPU = Release|Any CPU
	EndGlobalSection
	GlobalSection(ProjectConfigurationPlatforms) = postSolution
		{E1CE915A-4DAD-4E15-93C1-585FCD25F164}.Debug|Any CPU.ActiveCfg = Debug|Any CPU
		{E1CE915A-4DAD-4E15-93C1-585FCD25F164}.Debug|Any CPU.Build.0 = Debug|Any CPU
		{E1CE915A-4DAD-4E15-93C1-585FCD25F164}.Release|Any CPU.ActiveCfg = Release|Any CPU
		{E1CE915A-4DAD-4E15-93C1-585FCD25F164}.Release|Any CPU.Build.0 = Release|Any CPU
		{5BF2F1C6-553E-448C-8454-B4A6321F2848}.Debug|Any CPU.ActiveCfg = Debug|Any CPU
		{5BF2F1C6-553E-448C-8454-B4A6321F2848}.Debug|Any CPU.Build.0 = Debug|Any CPU
		{5BF2F1C6-553E-448C-8454-B4A6321F2848}.Release|Any CPU.ActiveCfg = Release|Any CPU
		{5BF2F1C6-553E-448C-8454-B4A6321F2848}.Release|Any CPU.Build.0 = Release|Any CPU
	EndGlobalSection
	GlobalSection(SolutionProperties) = preSolution
		HideSolutionNode = FALSE
	EndGlobalSection
	GlobalSection(ExtensibilityGlobals) = postSolution
		SolutionGuid = {546430C0-D1FF-49A7-B59B-AD28C55D4E8D}
	EndGlobalSection
EndGlobal
